<?xml version="1.0" encoding="utf-8"?>
<Project ToolsVersion="4.0" xmlns="http://schemas.microsoft.com/developer/msbuild/2003">
  <ItemGroup>
    <ClInclude Include="GameEngineWindow.h" />
    <ClInclude Include="GameEngineInput.h">
      <Filter>Input</Filter>
    </ClInclude>
    <ClInclude Include="GameEngineImage.h">
      <Filter>Resources\Image</Filter>
    </ClInclude>
  </ItemGroup>
  <ItemGroup>
    <ClCompile Include="GameEngineWindow.cpp" />
    <ClCompile Include="GameEngineInput.cpp">
      <Filter>Input</Filter>
    </ClCompile>
    <ClCompile Include="GameEngineImage.cpp">
      <Filter>Resources\Image</Filter>
    </ClCompile>
  </ItemGroup>
  <ItemGroup>
    <Filter Include="Resources">
      <UniqueIdentifier>{5fabad02-5844-4f40-baf8-1834b5729d22}</UniqueIdentifier>
    </Filter>
    <Filter Include="Input">
      <UniqueIdentifier>{4a152102-aa0f-496e-a2bd-8223ec397871}</UniqueIdentifier>
    </Filter>
    <Filter Include="Resources\Image">
      <UniqueIdentifier>{87ef170a-83dc-4c13-9051-e6a6d088ca6d}</UniqueIdentifier>
    </Filter>
    <Filter Include="Resources\Sound">
      <UniqueIdentifier>{423a5a4d-2c98-4b02-b12f-e826bcb463ad}</UniqueIdentifier>
    </Filter>
    <Filter Include="ThirdParty">
      <UniqueIdentifier>{5ae7b951-2d64-4d32-8779-9513bd261d5f}</UniqueIdentifier>
    </Filter>
  </ItemGroup>
</Project>