<?xml version="1.0" encoding="utf-8"?>
<Project ToolsVersion="4.0" xmlns="http://schemas.microsoft.com/developer/msbuild/2003">
  <ItemGroup>
    <ClInclude Include="SuperMarioCore.h" />
    <ClInclude Include="TitleLevel.h">
      <Filter>Title</Filter>
    </ClInclude>
    <ClInclude Include="OpeningLevel.h">
      <Filter>Opening</Filter>
    </ClInclude>
    <ClInclude Include="PlayLevel.h">
      <Filter>Play</Filter>
    </ClInclude>
    <ClInclude Include="TitleBack.h">
      <Filter>Title</Filter>
    </ClInclude>
    <ClInclude Include="ContentsEnums.h" />
    <ClInclude Include="OpeningBack.h">
      <Filter>Opening</Filter>
    </ClInclude>
    <ClInclude Include="Map.h">
      <Filter>Play</Filter>
    </ClInclude>
    <ClInclude Include="Item.h">
      <Filter>Play</Filter>
    </ClInclude>
    <ClInclude Include="EndingLevel.h">
      <Filter>Ending</Filter>
    </ClInclude>
    <ClInclude Include="EndingBack.h">
      <Filter>Ending</Filter>
    </ClInclude>
    <ClInclude Include="STLevel.h">
      <Filter>Global</Filter>
    </ClInclude>
    <ClInclude Include="ContentsValue.h">
      <Filter>Global</Filter>
    </ClInclude>
    <ClInclude Include="ContentsUI.h">
      <Filter>UI</Filter>
    </ClInclude>
    <ClInclude Include="WordRenderObject.h">
      <Filter>TextImage</Filter>
    </ClInclude>
    <ClInclude Include="SPSymbolRenderObject.h">
      <Filter>TextImage</Filter>
    </ClInclude>
    <ClInclude Include="NumberRenderObjectEX.h">
      <Filter>TextImage</Filter>
    </ClInclude>
    <ClInclude Include="Pipe.h">
      <Filter>Play</Filter>
    </ClInclude>
    <ClInclude Include="Brick.h">
      <Filter>Play\Blocks</Filter>
    </ClInclude>
    <ClInclude Include="Block.h">
      <Filter>Play\Blocks</Filter>
    </ClInclude>
    <ClInclude Include="QuestionBlock.h">
      <Filter>Play\Blocks</Filter>
    </ClInclude>
    <ClInclude Include="Monster.h">
      <Filter>Play\Monster</Filter>
    </ClInclude>
    <ClInclude Include="Player.h">
      <Filter>Play\Player</Filter>
    </ClInclude>
    <ClInclude Include="Goomba.h">
      <Filter>Play\Monster</Filter>
    </ClInclude>
    <ClInclude Include="Troopa.h">
      <Filter>Play\Monster</Filter>
    </ClInclude>
  </ItemGroup>
  <ItemGroup>
    <ClCompile Include="SuperMarioCore.cpp" />
    <ClCompile Include="TitleLevel.cpp">
      <Filter>Title</Filter>
    </ClCompile>
    <ClCompile Include="OpeningLevel.cpp">
      <Filter>Opening</Filter>
    </ClCompile>
    <ClCompile Include="TitleBack.cpp">
      <Filter>Title</Filter>
    </ClCompile>
    <ClCompile Include="OpeningBack.cpp">
      <Filter>Opening</Filter>
    </ClCompile>
    <ClCompile Include="Map.cpp">
      <Filter>Play</Filter>
    </ClCompile>
    <ClCompile Include="Item.cpp">
      <Filter>Play</Filter>
    </ClCompile>
    <ClCompile Include="EndingLevel.cpp">
      <Filter>Ending</Filter>
    </ClCompile>
    <ClCompile Include="EndingBack.cpp">
      <Filter>Ending</Filter>
    </ClCompile>
    <ClCompile Include="STLevel.cpp">
      <Filter>Global</Filter>
    </ClCompile>
    <ClCompile Include="ContentsValue.cpp">
      <Filter>Global</Filter>
    </ClCompile>
    <ClCompile Include="ContentsUI.cpp">
      <Filter>UI</Filter>
    </ClCompile>
    <ClCompile Include="PlayLevel.cpp">
      <Filter>Play</Filter>
    </ClCompile>
    <ClCompile Include="WordRenderObject.cpp">
      <Filter>TextImage</Filter>
    </ClCompile>
    <ClCompile Include="SPSymbolRenderObject.cpp">
      <Filter>TextImage</Filter>
    </ClCompile>
    <ClCompile Include="NumberRenderObjectEX.cpp">
      <Filter>TextImage</Filter>
    </ClCompile>
    <ClCompile Include="Pipe.cpp">
      <Filter>Play</Filter>
    </ClCompile>
    <ClCompile Include="Block.cpp">
      <Filter>Play\Blocks</Filter>
    </ClCompile>
    <ClCompile Include="Brick.cpp">
      <Filter>Play\Blocks</Filter>
    </ClCompile>
    <ClCompile Include="QuestionBlock.cpp">
      <Filter>Play\Blocks</Filter>
    </ClCompile>
    <ClCompile Include="Monster.cpp">
      <Filter>Play\Monster</Filter>
    </ClCompile>
    <ClCompile Include="PlayerState.cpp">
      <Filter>Play\Player</Filter>
    </ClCompile>
    <ClCompile Include="Player.cpp">
      <Filter>Play\Player</Filter>
    </ClCompile>
    <ClCompile Include="Goomba.cpp">
      <Filter>Play\Monster</Filter>
    </ClCompile>
    <ClCompile Include="Troopa.cpp">
      <Filter>Play\Monster</Filter>
    </ClCompile>
  </ItemGroup>
  <ItemGroup>
    <Filter Include="Title">
      <UniqueIdentifier>{c07ef8e8-76e2-42c5-a15e-c90e2dce7dae}</UniqueIdentifier>
    </Filter>
    <Filter Include="Play">
      <UniqueIdentifier>{da55a0e3-03ce-417d-92d8-296f21203a82}</UniqueIdentifier>
    </Filter>
    <Filter Include="Opening">
      <UniqueIdentifier>{2eaf0ac6-714e-46cc-b20a-91dfe12bdb52}</UniqueIdentifier>
    </Filter>
    <Filter Include="Ending">
      <UniqueIdentifier>{c06a6b90-df63-496a-a777-ac969dbbaa59}</UniqueIdentifier>
    </Filter>
    <Filter Include="Global">
      <UniqueIdentifier>{1385f8ae-81e3-4602-ba1e-7533674825d9}</UniqueIdentifier>
    </Filter>
    <Filter Include="UI">
      <UniqueIdentifier>{576d969e-d441-4733-9dc8-f57882a24d3c}</UniqueIdentifier>
    </Filter>
    <Filter Include="TextImage">
      <UniqueIdentifier>{e89a4761-0e2b-412c-b0a4-27a9cb5e3709}</UniqueIdentifier>
    </Filter>
    <Filter Include="Play\Blocks">
      <UniqueIdentifier>{20b55b16-446b-465f-9d31-a4dd196a3590}</UniqueIdentifier>
    </Filter>
    <Filter Include="Play\Monster">
      <UniqueIdentifier>{81dc9dc2-4f10-485a-88d5-8d692b530173}</UniqueIdentifier>
    </Filter>
    <Filter Include="Play\Player">
      <UniqueIdentifier>{1b14097f-9430-4b32-88b8-07a4f3514240}</UniqueIdentifier>
    </Filter>
  </ItemGroup>
</Project>